{
  "name": "et3-tasks",
  "lockfileVersion": 2,
  "requires": true,
  "packages": {
    "": {
      "dependencies": {
        "lodash": "^4.17.21",
        "prompt-sync": "^4.1.6"
      }
    },
    "node_modules/lodash": {
      "version": "4.17.21",
      "resolved": "https://registry.npmjs.org/lodash/-/lodash-4.17.21.tgz",
      "integrity": "sha512-v2kDEe57lecTulaDIuNTPy3Ry4gLGJ6Z1O3vE1krgXZNrsQ+LFTGHVxVjcXPs17LhbZVGedAJv8XZ1tvj5FvSg=="
    },
    "node_modules/prompt-sync": {
      "version": "4.1.6",
      "resolved": "https://registry.npmjs.org/prompt-sync/-/prompt-sync-4.1.6.tgz",
      "integrity": "sha512-dYjDha0af2vefm6soqnPnFEz2tAzwH/kb+pPoaCohRoPUxFXj+mymkOFgxX7Ylv59TdEr7OzktEizdK7MIMvIw=="
    }
  },
  "dependencies": {
    "lodash": {
      "version": "4.17.21",
      "resolved": "https://registry.npmjs.org/lodash/-/lodash-4.17.21.tgz",
      "integrity": "sha512-v2kDEe57lecTulaDIuNTPy3Ry4gLGJ6Z1O3vE1krgXZNrsQ+LFTGHVxVjcXPs17LhbZVGedAJv8XZ1tvj5FvSg=="
    },
    "prompt-sync": {
      "version": "4.1.6",
      "resolved": "https://registry.npmjs.org/prompt-sync/-/prompt-sync-4.1.6.tgz",
      "integrity": "sha512-dYjDha0af2vefm6soqnPnFEz2tAzwH/kb+pPoaCohRoPUxFXj+mymkOFgxX7Ylv59TdEr7OzktEizdK7MIMvIw=="
    }
  }
}
